// !$*UTF8*$!
{
	archiveVersion = 1;
	classes = {
	};
	objectVersion = 56;
	objects = {

/* Begin PBXBuildFile section */
		FC731AA42C15266200F66A4D /* Recipe.swift in Sources */ = {isa = PBXBuildFile; fileRef = FC731AA32C15266200F66A4D /* Recipe.swift */; };
		FC731AA62C15268200F66A4D /* RecipeCell.swift in Sources */ = {isa = PBXBuildFile; fileRef = FC731AA52C15268200F66A4D /* RecipeCell.swift */; };
		FC731AA82C152C0A00F66A4D /* RecipeService.swift in Sources */ = {isa = PBXBuildFile; fileRef = FC731AA72C152C0A00F66A4D /* RecipeService.swift */; };
		FC731AAB2C152FA600F66A4D /* recipes.json in Resources */ = {isa = PBXBuildFile; fileRef = FC731AA92C152F4F00F66A4D /* recipes.json */; };
		FC7D8AE42BFAEE6F002B04A9 /* AppDelegate.swift in Sources */ = {isa = PBXBuildFile; fileRef = FC7D8AE32BFAEE6F002B04A9 /* AppDelegate.swift */; };
		FC7D8AE62BFAEE6F002B04A9 /* SceneDelegate.swift in Sources */ = {isa = PBXBuildFile; fileRef = FC7D8AE52BFAEE6F002B04A9 /* SceneDelegate.swift */; };
		FC7D8AE82BFAEE6F002B04A9 /* ViewController.swift in Sources */ = {isa = PBXBuildFile; fileRef = FC7D8AE72BFAEE6F002B04A9 /* ViewController.swift */; };
		FC7D8AEB2BFAEE6F002B04A9 /* Base in Resources */ = {isa = PBXBuildFile; fileRef = FC7D8AEA2BFAEE6F002B04A9 /* Base */; };
		FC7D8AEE2BFAEE6F002B04A9 /* Capstone_Recipe_app.xcdatamodeld in Sources */ = {isa = PBXBuildFile; fileRef = FC7D8AEC2BFAEE6F002B04A9 /* Capstone_Recipe_app.xcdatamodeld */; };
		FC7D8AF02BFAEE71002B04A9 /* Assets.xcassets in Resources */ = {isa = PBXBuildFile; fileRef = FC7D8AEF2BFAEE71002B04A9 /* Assets.xcassets */; };
		FC7D8AF32BFAEE71002B04A9 /* Base in Resources */ = {isa = PBXBuildFile; fileRef = FC7D8AF22BFAEE71002B04A9 /* Base */; };
/* End PBXBuildFile section */

/* Begin PBXFileReference section */
		FC731AA32C15266200F66A4D /* Recipe.swift */ = {isa = PBXFileReference; lastKnownFileType = sourcecode.swift; path = Recipe.swift; sourceTree = "<group>"; };
		FC731AA52C15268200F66A4D /* RecipeCell.swift */ = {isa = PBXFileReference; lastKnownFileType = sourcecode.swift; path = RecipeCell.swift; sourceTree = "<group>"; };
		FC731AA72C152C0A00F66A4D /* RecipeService.swift */ = {isa = PBXFileReference; lastKnownFileType = sourcecode.swift; path = RecipeService.swift; sourceTree = "<group>"; };
		FC731AA92C152F4F00F66A4D /* recipes.json */ = {isa = PBXFileReference; lastKnownFileType = text.json; path = recipes.json; sourceTree = "<group>"; };
		FC7D8AE02BFAEE6F002B04A9 /* Capstone-Recipe-app.app */ = {isa = PBXFileReference; explicitFileType = wrapper.application; includeInIndex = 0; path = "Capstone-Recipe-app.app"; sourceTree = BUILT_PRODUCTS_DIR; };
		FC7D8AE32BFAEE6F002B04A9 /* AppDelegate.swift */ = {isa = PBXFileReference; lastKnownFileType = sourcecode.swift; path = AppDelegate.swift; sourceTree = "<group>"; };
		FC7D8AE52BFAEE6F002B04A9 /* SceneDelegate.swift */ = {isa = PBXFileReference; lastKnownFileType = sourcecode.swift; path = SceneDelegate.swift; sourceTree = "<group>"; };
		FC7D8AE72BFAEE6F002B04A9 /* ViewController.swift */ = {isa = PBXFileReference; lastKnownFileType = sourcecode.swift; path = ViewController.swift; sourceTree = "<group>"; };
		FC7D8AEA2BFAEE6F002B04A9 /* Base */ = {isa = PBXFileReference; lastKnownFileType = file.storyboard; name = Base; path = Base.lproj/Main.storyboard; sourceTree = "<group>"; };
		FC7D8AED2BFAEE6F002B04A9 /* Capstone_Recipe_app.xcdatamodel */ = {isa = PBXFileReference; lastKnownFileType = wrapper.xcdatamodel; path = Capstone_Recipe_app.xcdatamodel; sourceTree = "<group>"; };
		FC7D8AEF2BFAEE71002B04A9 /* Assets.xcassets */ = {isa = PBXFileReference; lastKnownFileType = folder.assetcatalog; path = Assets.xcassets; sourceTree = "<group>"; };
		FC7D8AF22BFAEE71002B04A9 /* Base */ = {isa = PBXFileReference; lastKnownFileType = file.storyboard; name = Base; path = Base.lproj/LaunchScreen.storyboard; sourceTree = "<group>"; };
		FC7D8AF42BFAEE71002B04A9 /* Info.plist */ = {isa = PBXFileReference; lastKnownFileType = text.plist.xml; path = Info.plist; sourceTree = "<group>"; };
/* End PBXFileReference section */

/* Begin PBXFrameworksBuildPhase section */
		FC7D8ADD2BFAEE6F002B04A9 /* Frameworks */ = {
			isa = PBXFrameworksBuildPhase;
			buildActionMask = 2147483647;
			files = (
			);
			runOnlyForDeploymentPostprocessing = 0;
		};
/* End PBXFrameworksBuildPhase section */

/* Begin PBXGroup section */
		FC7D8AD72BFAEE6F002B04A9 = {
			isa = PBXGroup;
			children = (
				FC731AA92C152F4F00F66A4D /* recipes.json */,
				FC731AA72C152C0A00F66A4D /* RecipeService.swift */,
				FC731AA52C15268200F66A4D /* RecipeCell.swift */,
				FC731AA32C15266200F66A4D /* Recipe.swift */,
				FC7D8AE22BFAEE6F002B04A9 /* Capstone-Recipe-app */,
				FC7D8AE12BFAEE6F002B04A9 /* Products */,
			);
			sourceTree = "<group>";
		};
		FC7D8AE12BFAEE6F002B04A9 /* Products */ = {
			isa = PBXGroup;
			children = (
				FC7D8AE02BFAEE6F002B04A9 /* Capstone-Recipe-app.app */,
			);
			name = Products;
			sourceTree = "<group>";
		};
		FC7D8AE22BFAEE6F002B04A9 /* Capstone-Recipe-app */ = {
			isa = PBXGroup;
			children = (
				FC7D8AE32BFAEE6F002B04A9 /* AppDelegate.swift */,
				FC7D8AE52BFAEE6F002B04A9 /* SceneDelegate.swift */,
				FC7D8AE72BFAEE6F002B04A9 /* ViewController.swift */,
				FC7D8AE92BFAEE6F002B04A9 /* Main.storyboard */,
				FC7D8AEF2BFAEE71002B04A9 /* Assets.xcassets */,
				FC7D8AF12BFAEE71002B04A9 /* LaunchScreen.storyboard */,
				FC7D8AF42BFAEE71002B04A9 /* Info.plist */,
				FC7D8AEC2BFAEE6F002B04A9 /* Capstone_Recipe_app.xcdatamodeld */,
			);
			path = "Capstone-Recipe-app";
			sourceTree = "<group>";
		};
/* End PBXGroup section */

/* Begin PBXNativeTarget section */
		FC7D8ADF2BFAEE6F002B04A9 /* Capstone-Recipe-app */ = {
			isa = PBXNativeTarget;
			buildConfigurationList = FC7D8AF72BFAEE71002B04A9 /* Build configuration list for PBXNativeTarget "Capstone-Recipe-app" */;
			buildPhases = (
				FC7D8ADC2BFAEE6F002B04A9 /* Sources */,
				FC7D8ADD2BFAEE6F002B04A9 /* Frameworks */,
				FC7D8ADE2BFAEE6F002B04A9 /* Resources */,
			);
			buildRules = (
			);
			dependencies = (
			);
			name = "Capstone-Recipe-app";
			productName = "Capstone-Recipe-app";
			productReference = FC7D8AE02BFAEE6F002B04A9 /* Capstone-Recipe-app.app */;
			productType = "com.apple.product-type.application";
		};
/* End PBXNativeTarget section */

/* Begin PBXProject section */
		FC7D8AD82BFAEE6F002B04A9 /* Project object */ = {
			isa = PBXProject;
			attributes = {
				BuildIndependentTargetsInParallel = 1;
				LastSwiftUpdateCheck = 1540;
				LastUpgradeCheck = 1540;
				TargetAttributes = {
					FC7D8ADF2BFAEE6F002B04A9 = {
						CreatedOnToolsVersion = 15.4;
					};
				};
			};
			buildConfigurationList = FC7D8ADB2BFAEE6F002B04A9 /* Build configuration list for PBXProject "Capstone-Recipe-app" */;
			compatibilityVersion = "Xcode 14.0";
			developmentRegion = en;
			hasScannedForEncodings = 0;
			knownRegions = (
				en,
				Base,
			);
			mainGroup = FC7D8AD72BFAEE6F002B04A9;
			productRefGroup = FC7D8AE12BFAEE6F002B04A9 /* Products */;
			projectDirPath = "";
			projectRoot = "";
			targets = (
				FC7D8ADF2BFAEE6F002B04A9 /* Capstone-Recipe-app */,
			);
		};
/* End PBXProject section */

/* Begin PBXResourcesBuildPhase section */
		FC7D8ADE2BFAEE6F002B04A9 /* Resources */ = {
			isa = PBXResourcesBuildPhase;
			buildActionMask = 2147483647;
			files = (
				FC7D8AF02BFAEE71002B04A9 /* Assets.xcassets in Resources */,
				FC7D8AF32BFAEE71002B04A9 /* Base in Resources */,
				FC7D8AEB2BFAEE6F002B04A9 /* Base in Resources */,
				FC731AAB2C152FA600F66A4D /* recipes.json in Resources */,
			);
			runOnlyForDeploymentPostprocessing = 0;
		};
/* End PBXResourcesBuildPhase section */

/* Begin PBXSourcesBuildPhase section */
		FC7D8ADC2BFAEE6F002B04A9 /* Sources */ = {
			isa = PBXSourcesBuildPhase;
			buildActionMask = 2147483647;
			files = (
				FC7D8AEE2BFAEE6F002B04A9 /* Capstone_Recipe_app.xcdatamodeld in Sources */,
				FC7D8AE82BFAEE6F002B04A9 /* ViewController.swift in Sources */,
				FC731AA82C152C0A00F66A4D /* RecipeService.swift in Sources */,
				FC7D8AE42BFAEE6F002B04A9 /* AppDelegate.swift in Sources */,
				FC731AA62C15268200F66A4D /* RecipeCell.swift in Sources */,
				FC7D8AE62BFAEE6F002B04A9 /* SceneDelegate.swift in Sources */,
				FC731AA42C15266200F66A4D /* Recipe.swift in Sources */,
			);
			runOnlyForDeploymentPostprocessing = 0;
		};
/* End PBXSourcesBuildPhase section */

/* Begin PBXVariantGroup section */
		FC7D8AE92BFAEE6F002B04A9 /* Main.storyboard */ = {
			isa = PBXVariantGroup;
			children = (
				FC7D8AEA2BFAEE6F002B04A9 /* Base */,
			);
			name = Main.storyboard;
			sourceTree = "<group>";
		};
		FC7D8AF12BFAEE71002B04A9 /* LaunchScreen.storyboard */ = {
			isa = PBXVariantGroup;
			children = (
				FC7D8AF22BFAEE71002B04A9 /* Base */,
			);
			name = LaunchScreen.storyboard;
			sourceTree = "<group>";
		};
/* End PBXVariantGroup section */

/* Begin XCBuildConfiguration section */
		FC7D8AF52BFAEE71002B04A9 /* Debug */ = {
			isa = XCBuildConfiguration;
			buildSettings = {
				ALWAYS_SEARCH_USER_PATHS = NO;
				ASSETCATALOG_COMPILER_GENERATE_SWIFT_ASSET_SYMBOL_EXTENSIONS = YES;
				CLANG_ANALYZER_NONNULL = YES;
				CLANG_ANALYZER_NUMBER_OBJECT_CONVERSION = YES_AGGRESSIVE;
				CLANG_CXX_LANGUAGE_STANDARD = "gnu++20";
				CLANG_ENABLE_MODULES = YES;
				CLANG_ENABLE_OBJC_ARC = YES;
				CLANG_ENABLE_OBJC_WEAK = YES;
				CLANG_WARN_BLOCK_CAPTURE_AUTORELEASING = YES;
				CLANG_WARN_BOOL_CONVERSION = YES;
				CLANG_WARN_COMMA = YES;
				CLANG_WARN_CONSTANT_CONVERSION = YES;
				CLANG_WARN_DEPRECATED_OBJC_IMPLEMENTATIONS = YES;
				CLANG_WARN_DIRECT_OBJC_ISA_USAGE = YES_ERROR;
				CLANG_WARN_DOCUMENTATION_COMMENTS = YES;
				CLANG_WARN_EMPTY_BODY = YES;
				CLANG_WARN_ENUM_CONVERSION = YES;
				CLANG_WARN_INFINITE_RECURSION = YES;
				CLANG_WARN_INT_CONVERSION = YES;
				CLANG_WARN_NON_LITERAL_NULL_CONVERSION = YES;
				CLANG_WARN_OBJC_IMPLICIT_RETAIN_SELF = YES;
				CLANG_WARN_OBJC_LITERAL_CONVERSION = YES;
				CLANG_WARN_OBJC_ROOT_CLASS = YES_ERROR;
				CLANG_WARN_QUOTED_INCLUDE_IN_FRAMEWORK_HEADER = YES;
				CLANG_WARN_RANGE_LOOP_ANALYSIS = YES;
				CLANG_WARN_STRICT_PROTOTYPES = YES;
				CLANG_WARN_SUSPICIOUS_MOVE = YES;
				CLANG_WARN_UNGUARDED_AVAILABILITY = YES_AGGRESSIVE;
				CLANG_WARN_UNREACHABLE_CODE = YES;
				CLANG_WARN__DUPLICATE_METHOD_MATCH = YES;
				COPY_PHASE_STRIP = NO;
				DEBUG_INFORMATION_FORMAT = dwarf;
				ENABLE_STRICT_OBJC_MSGSEND = YES;
				ENABLE_TESTABILITY = YES;
				ENABLE_USER_SCRIPT_SANDBOXING = YES;
				GCC_C_LANGUAGE_STANDARD = gnu17;
				GCC_DYNAMIC_NO_PIC = NO;
				GCC_NO_COMMON_BLOCKS = YES;
				GCC_OPTIMIZATION_LEVEL = 0;
				GCC_PREPROCESSOR_DEFINITIONS = (
					"DEBUG=1",
					"$(inherited)",
				);
				GCC_WARN_64_TO_32_BIT_CONVERSION = YES;
				GCC_WARN_ABOUT_RETURN_TYPE = YES_ERROR;
				GCC_WARN_UNDECLARED_SELECTOR = YES;
				GCC_WARN_UNINITIALIZED_AUTOS = YES_AGGRESSIVE;
				GCC_WARN_UNUSED_FUNCTION = YES;
				GCC_WARN_UNUSED_VARIABLE = YES;
				IPHONEOS_DEPLOYMENT_TARGET = 17.5;
				LOCALIZATION_PREFERS_STRING_CATALOGS = YES;
				MTL_ENABLE_DEBUG_INFO = INCLUDE_SOURCE;
				MTL_FAST_MATH = YES;
				ONLY_ACTIVE_ARCH = YES;
				SDKROOT = iphoneos;
				SWIFT_ACTIVE_COMPILATION_CONDITIONS = "DEBUG $(inherited)";
				SWIFT_OPTIMIZATION_LEVEL = "-Onone";
			};
			name = Debug;
		};
		FC7D8AF62BFAEE71002B04A9 /* Release */ = {
			isa = XCBuildConfiguration;
			buildSettings = {
				ALWAYS_SEARCH_USER_PATHS = NO;
				ASSETCATALOG_COMPILER_GENERATE_SWIFT_ASSET_SYMBOL_EXTENSIONS = YES;
				CLANG_ANALYZER_NONNULL = YES;
				CLANG_ANALYZER_NUMBER_OBJECT_CONVERSION = YES_AGGRESSIVE;
				CLANG_CXX_LANGUAGE_STANDARD = "gnu++20";
				CLANG_ENABLE_MODULES = YES;
				CLANG_ENABLE_OBJC_ARC = YES;
				CLANG_ENABLE_OBJC_WEAK = YES;
				CLANG_WARN_BLOCK_CAPTURE_AUTORELEASING = YES;
				CLANG_WARN_BOOL_CONVERSION = YES;
				CLANG_WARN_COMMA = YES;
				CLANG_WARN_CONSTANT_CONVERSION = YES;
				CLANG_WARN_DEPRECATED_OBJC_IMPLEMENTATIONS = YES;
				CLANG_WARN_DIRECT_OBJC_ISA_USAGE = YES_ERROR;
				CLANG_WARN_DOCUMENTATION_COMMENTS = YES;
				CLANG_WARN_EMPTY_BODY = YES;
				CLANG_WARN_ENUM_CONVERSION = YES;
				CLANG_WARN_INFINITE_RECURSION = YES;
				CLANG_WARN_INT_CONVERSION = YES;
				CLANG_WARN_NON_LITERAL_NULL_CONVERSION = YES;
				CLANG_WARN_OBJC_IMPLICIT_RETAIN_SELF = YES;
				CLANG_WARN_OBJC_LITERAL_CONVERSION = YES;
				CLANG_WARN_OBJC_ROOT_CLASS = YES_ERROR;
				CLANG_WARN_QUOTED_INCLUDE_IN_FRAMEWORK_HEADER = YES;
				CLANG_WARN_RANGE_LOOP_ANALYSIS = YES;
				CLANG_WARN_STRICT_PROTOTYPES = YES;
				CLANG_WARN_SUSPICIOUS_MOVE = YES;
				CLANG_WARN_UNGUARDED_AVAILABILITY = YES_AGGRESSIVE;
				CLANG_WARN_UNREACHABLE_CODE = YES;
				CLANG_WARN__DUPLICATE_METHOD_MATCH = YES;
				COPY_PHASE_STRIP = NO;
				DEBUG_INFORMATION_FORMAT = "dwarf-with-dsym";
				ENABLE_NS_ASSERTIONS = NO;
				ENABLE_STRICT_OBJC_MSGSEND = YES;
				ENABLE_USER_SCRIPT_SANDBOXING = YES;
				GCC_C_LANGUAGE_STANDARD = gnu17;
				GCC_NO_COMMON_BLOCKS = YES;
				GCC_WARN_64_TO_32_BIT_CONVERSION = YES;
				GCC_WARN_ABOUT_RETURN_TYPE = YES_ERROR;
				GCC_WARN_UNDECLARED_SELECTOR = YES;
				GCC_WARN_UNINITIALIZED_AUTOS = YES_AGGRESSIVE;
				GCC_WARN_UNUSED_FUNCTION = YES;
				GCC_WARN_UNUSED_VARIABLE = YES;
				IPHONEOS_DEPLOYMENT_TARGET = 17.5;
				LOCALIZATION_PREFERS_STRING_CATALOGS = YES;
				MTL_ENABLE_DEBUG_INFO = NO;
				MTL_FAST_MATH = YES;
				SDKROOT = iphoneos;
				SWIFT_COMPILATION_MODE = wholemodule;
				VALIDATE_PRODUCT = YES;
			};
			name = Release;
		};
		FC7D8AF82BFAEE71002B04A9 /* Debug */ = {
			isa = XCBuildConfiguration;
			buildSettings = {
				ASSETCATALOG_COMPILER_APPICON_NAME = AppIcon;
				ASSETCATALOG_COMPILER_GLOBAL_ACCENT_COLOR_NAME = AccentColor;
				CODE_SIGN_STYLE = Automatic;
				CURRENT_PROJECT_VERSION = 1;
				GENERATE_INFOPLIST_FILE = YES;
				INFOPLIST_FILE = "Capstone-Recipe-app/Info.plist";
				INFOPLIST_KEY_UIApplicationSupportsIndirectInputEvents = YES;
				INFOPLIST_KEY_UILaunchStoryboardName = LaunchScreen;
				INFOPLIST_KEY_UIMainStoryboardFile = Main;
				INFOPLIST_KEY_UISupportedInterfaceOrientations_iPad = "UIInterfaceOrientationPortrait UIInterfaceOrientationPortraitUpsideDown UIInterfaceOrientationLandscapeLeft UIInterfaceOrientationLandscapeRight";
				INFOPLIST_KEY_UISupportedInterfaceOrientations_iPhone = "UIInterfaceOrientationPortrait UIInterfaceOrientationLandscapeLeft UIInterfaceOrientationLandscapeRight";
				LD_RUNPATH_SEARCH_PATHS = (
					"$(inherited)",
					"@executable_path/Frameworks",
				);
				MARKETING_VERSION = 1.0;
				PRODUCT_BUNDLE_IDENTIFIER = "com.example..Capstone-Recipe-app";
				PRODUCT_NAME = "$(TARGET_NAME)";
				SWIFT_EMIT_LOC_STRINGS = YES;
				SWIFT_VERSION = 5.0;
				TARGETED_DEVICE_FAMILY = "1,2";
			};
			name = Debug;
		};
		FC7D8AF92BFAEE71002B04A9 /* Release */ = {
			isa = XCBuildConfiguration;
			buildSettings = {
				ASSETCATALOG_COMPILER_APPICON_NAME = AppIcon;
				ASSETCATALOG_COMPILER_GLOBAL_ACCENT_COLOR_NAME = AccentColor;
				CODE_SIGN_STYLE = Automatic;
				CURRENT_PROJECT_VERSION = 1;
				GENERATE_INFOPLIST_FILE = YES;
				INFOPLIST_FILE = "Capstone-Recipe-app/Info.plist";
				INFOPLIST_KEY_UIApplicationSupportsIndirectInputEvents = YES;
				INFOPLIST_KEY_UILaunchStoryboardName = LaunchScreen;
				INFOPLIST_KEY_UIMainStoryboardFile = Main;
				INFOPLIST_KEY_UISupportedInterfaceOrientations_iPad = "UIInterfaceOrientationPortrait UIInterfaceOrientationPortraitUpsideDown UIInterfaceOrientationLandscapeLeft UIInterfaceOrientationLandscapeRight";
				INFOPLIST_KEY_UISupportedInterfaceOrientations_iPhone = "UIInterfaceOrientationPortrait UIInterfaceOrientationLandscapeLeft UIInterfaceOrientationLandscapeRight";
				LD_RUNPATH_SEARCH_PATHS = (
					"$(inherited)",
					"@executable_path/Frameworks",
				);
				MARKETING_VERSION = 1.0;
				PRODUCT_BUNDLE_IDENTIFIER = "com.example..Capstone-Recipe-app";
				PRODUCT_NAME = "$(TARGET_NAME)";
				SWIFT_EMIT_LOC_STRINGS = YES;
				SWIFT_VERSION = 5.0;
				TARGETED_DEVICE_FAMILY = "1,2";
			};
			name = Release;
		};
/* End XCBuildConfiguration section */

/* Begin XCConfigurationList section */
		FC7D8ADB2BFAEE6F002B04A9 /* Build configuration list for PBXProject "Capstone-Recipe-app" */ = {
			isa = XCConfigurationList;
			buildConfigurations = (
				FC7D8AF52BFAEE71002B04A9 /* Debug */,
				FC7D8AF62BFAEE71002B04A9 /* Release */,
			);
			defaultConfigurationIsVisible = 0;
			defaultConfigurationName = Release;
		};
		FC7D8AF72BFAEE71002B04A9 /* Build configuration list for PBXNativeTarget "Capstone-Recipe-app" */ = {
			isa = XCConfigurationList;
			buildConfigurations = (
				FC7D8AF82BFAEE71002B04A9 /* Debug */,
				FC7D8AF92BFAEE71002B04A9 /* Release */,
			);
			defaultConfigurationIsVisible = 0;
			defaultConfigurationName = Release;
		};
/* End XCConfigurationList section */

/* Begin XCVersionGroup section */
		FC7D8AEC2BFAEE6F002B04A9 /* Capstone_Recipe_app.xcdatamodeld */ = {
			isa = XCVersionGroup;
			children = (
				FC7D8AED2BFAEE6F002B04A9 /* Capstone_Recipe_app.xcdatamodel */,
			);
			currentVersion = FC7D8AED2BFAEE6F002B04A9 /* Capstone_Recipe_app.xcdatamodel */;
			path = Capstone_Recipe_app.xcdatamodeld;
			sourceTree = "<group>";
			versionGroupType = wrapper.xcdatamodel;
		};
/* End XCVersionGroup section */
	};
	rootObject = FC7D8AD82BFAEE6F002B04A9 /* Project object */;
}
